// !$*UTF8*$!
{
	archiveVersion = 1;
	classes = {
	};
	objectVersion = 46;
	objects = {

/* Begin PBXBuildFile section */
		06A987D01F536E8900B378AA /* AppDelegate.swift in Sources */ = {isa = PBXBuildFile; fileRef = 06A987CF1F536E8900B378AA /* AppDelegate.swift */; };
		06A987E51F536E8900B378AA /* ECommerceTests.swift in Sources */ = {isa = PBXBuildFile; fileRef = 06A987E41F536E8900B378AA /* ECommerceTests.swift */; };
		06A987F31F53724400B378AA /* Assets.xcassets in Resources */ = {isa = PBXBuildFile; fileRef = 06A987F01F53724400B378AA /* Assets.xcassets */; };
		06A987F41F53724400B378AA /* Info.plist in Resources */ = {isa = PBXBuildFile; fileRef = 06A987F11F53724400B378AA /* Info.plist */; };
		06A987F51F53724400B378AA /* LaunchScreen.storyboard in Resources */ = {isa = PBXBuildFile; fileRef = 06A987F21F53724400B378AA /* LaunchScreen.storyboard */; };
		06A987F91F5372F700B378AA /* ItemList.storyboard in Resources */ = {isa = PBXBuildFile; fileRef = 06A987F81F5372F700B378AA /* ItemList.storyboard */; };
/* End PBXBuildFile section */

/* Begin PBXContainerItemProxy section */
		06A987E11F536E8900B378AA /* PBXContainerItemProxy */ = {
			isa = PBXContainerItemProxy;
			containerPortal = 06A987C41F536E8900B378AA /* Project object */;
			proxyType = 1;
			remoteGlobalIDString = 06A987CB1F536E8900B378AA;
			remoteInfo = ECommerce;
		};
/* End PBXContainerItemProxy section */

/* Begin PBXFileReference section */
		06A987CC1F536E8900B378AA /* ECommerce.app */ = {isa = PBXFileReference; explicitFileType = wrapper.application; includeInIndex = 0; path = ECommerce.app; sourceTree = BUILT_PRODUCTS_DIR; };
		06A987CF1F536E8900B378AA /* AppDelegate.swift */ = {isa = PBXFileReference; lastKnownFileType = sourcecode.swift; path = AppDelegate.swift; sourceTree = "<group>"; };
		06A987E01F536E8900B378AA /* ECommerceTests.xctest */ = {isa = PBXFileReference; explicitFileType = wrapper.cfbundle; includeInIndex = 0; path = ECommerceTests.xctest; sourceTree = BUILT_PRODUCTS_DIR; };
		06A987E41F536E8900B378AA /* ECommerceTests.swift */ = {isa = PBXFileReference; lastKnownFileType = sourcecode.swift; path = ECommerceTests.swift; sourceTree = "<group>"; };
		06A987E61F536E8900B378AA /* Info.plist */ = {isa = PBXFileReference; lastKnownFileType = text.plist.xml; path = Info.plist; sourceTree = "<group>"; };
		06A987F01F53724400B378AA /* Assets.xcassets */ = {isa = PBXFileReference; lastKnownFileType = folder.assetcatalog; path = Assets.xcassets; sourceTree = "<group>"; };
		06A987F11F53724400B378AA /* Info.plist */ = {isa = PBXFileReference; fileEncoding = 4; lastKnownFileType = text.plist.xml; path = Info.plist; sourceTree = "<group>"; };
		06A987F21F53724400B378AA /* LaunchScreen.storyboard */ = {isa = PBXFileReference; fileEncoding = 4; lastKnownFileType = file.storyboard; path = LaunchScreen.storyboard; sourceTree = "<group>"; };
		06A987F81F5372F700B378AA /* ItemList.storyboard */ = {isa = PBXFileReference; fileEncoding = 4; lastKnownFileType = file.storyboard; path = ItemList.storyboard; sourceTree = "<group>"; };
/* End PBXFileReference section */

/* Begin PBXFrameworksBuildPhase section */
		06A987C91F536E8900B378AA /* Frameworks */ = {
			isa = PBXFrameworksBuildPhase;
			buildActionMask = 2147483647;
			files = (
			);
			runOnlyForDeploymentPostprocessing = 0;
		};
		06A987DD1F536E8900B378AA /* Frameworks */ = {
			isa = PBXFrameworksBuildPhase;
			buildActionMask = 2147483647;
			files = (
			);
			runOnlyForDeploymentPostprocessing = 0;
		};
/* End PBXFrameworksBuildPhase section */

/* Begin PBXGroup section */
		06A987C31F536E8900B378AA = {
			isa = PBXGroup;
			children = (
				06A987CE1F536E8900B378AA /* ECommerce */,
				06A987E31F536E8900B378AA /* ECommerceTests */,
				06A987CD1F536E8900B378AA /* Products */,
			);
			sourceTree = "<group>";
		};
		06A987CD1F536E8900B378AA /* Products */ = {
			isa = PBXGroup;
			children = (
				06A987CC1F536E8900B378AA /* ECommerce.app */,
				06A987E01F536E8900B378AA /* ECommerceTests.xctest */,
			);
			name = Products;
			sourceTree = "<group>";
		};
		06A987CE1F536E8900B378AA /* ECommerce */ = {
			isa = PBXGroup;
			children = (
				06A987F61F53727E00B378AA /* Features */,
				06A987EF1F5371B100B378AA /* Resources */,
				06A987CF1F536E8900B378AA /* AppDelegate.swift */,
			);
			path = ECommerce;
			sourceTree = "<group>";
		};
		06A987E31F536E8900B378AA /* ECommerceTests */ = {
			isa = PBXGroup;
			children = (
				06A987E41F536E8900B378AA /* ECommerceTests.swift */,
				06A987E61F536E8900B378AA /* Info.plist */,
			);
			path = ECommerceTests;
			sourceTree = "<group>";
		};
		06A987EF1F5371B100B378AA /* Resources */ = {
			isa = PBXGroup;
			children = (
				06A987F01F53724400B378AA /* Assets.xcassets */,
				06A987F11F53724400B378AA /* Info.plist */,
				06A987F21F53724400B378AA /* LaunchScreen.storyboard */,
			);
			path = Resources;
			sourceTree = "<group>";
		};
		06A987F61F53727E00B378AA /* Features */ = {
			isa = PBXGroup;
			children = (
				06A987F71F53729F00B378AA /* ItemList */,
			);
			path = Features;
			sourceTree = "<group>";
		};
		06A987F71F53729F00B378AA /* ItemList */ = {
			isa = PBXGroup;
			children = (
				06A987F81F5372F700B378AA /* ItemList.storyboard */,
			);
			path = ItemList;
			sourceTree = "<group>";
		};
/* End PBXGroup section */

/* Begin PBXNativeTarget section */
		06A987CB1F536E8900B378AA /* ECommerce */ = {
			isa = PBXNativeTarget;
			buildConfigurationList = 06A987E91F536E8900B378AA /* Build configuration list for PBXNativeTarget "ECommerce" */;
			buildPhases = (
				06A987C81F536E8900B378AA /* Sources */,
				06A987C91F536E8900B378AA /* Frameworks */,
				06A987CA1F536E8900B378AA /* Resources */,
			);
			buildRules = (
			);
			dependencies = (
			);
			name = ECommerce;
			productName = ECommerce;
			productReference = 06A987CC1F536E8900B378AA /* ECommerce.app */;
			productType = "com.apple.product-type.application";
		};
		06A987DF1F536E8900B378AA /* ECommerceTests */ = {
			isa = PBXNativeTarget;
			buildConfigurationList = 06A987EC1F536E8900B378AA /* Build configuration list for PBXNativeTarget "ECommerceTests" */;
			buildPhases = (
				06A987DC1F536E8900B378AA /* Sources */,
				06A987DD1F536E8900B378AA /* Frameworks */,
				06A987DE1F536E8900B378AA /* Resources */,
			);
			buildRules = (
			);
			dependencies = (
				06A987E21F536E8900B378AA /* PBXTargetDependency */,
			);
			name = ECommerceTests;
			productName = ECommerceTests;
			productReference = 06A987E01F536E8900B378AA /* ECommerceTests.xctest */;
			productType = "com.apple.product-type.bundle.unit-test";
		};
/* End PBXNativeTarget section */

/* Begin PBXProject section */
		06A987C41F536E8900B378AA /* Project object */ = {
			isa = PBXProject;
			attributes = {
				LastSwiftUpdateCheck = 0830;
				LastUpgradeCheck = 0830;
				ORGANIZATIONNAME = TL;
				TargetAttributes = {
					06A987CB1F536E8900B378AA = {
						CreatedOnToolsVersion = 8.3.2;
						DevelopmentTeam = SM8662EE7C;
						ProvisioningStyle = Automatic;
					};
					06A987DF1F536E8900B378AA = {
						CreatedOnToolsVersion = 8.3.2;
						DevelopmentTeam = SM8662EE7C;
						ProvisioningStyle = Automatic;
						TestTargetID = 06A987CB1F536E8900B378AA;
					};
				};
			};
			buildConfigurationList = 06A987C71F536E8900B378AA /* Build configuration list for PBXProject "ECommerce" */;
			compatibilityVersion = "Xcode 3.2";
			developmentRegion = English;
			hasScannedForEncodings = 0;
			knownRegions = (
				en,
				Base,
			);
			mainGroup = 06A987C31F536E8900B378AA;
			productRefGroup = 06A987CD1F536E8900B378AA /* Products */;
			projectDirPath = "";
			projectRoot = "";
			targets = (
				06A987CB1F536E8900B378AA /* ECommerce */,
				06A987DF1F536E8900B378AA /* ECommerceTests */,
			);
		};
/* End PBXProject section */

/* Begin PBXResourcesBuildPhase section */
		06A987CA1F536E8900B378AA /* Resources */ = {
			isa = PBXResourcesBuildPhase;
			buildActionMask = 2147483647;
			files = (
				06A987F51F53724400B378AA /* LaunchScreen.storyboard in Resources */,
				06A987F91F5372F700B378AA /* ItemList.storyboard in Resources */,
				06A987F41F53724400B378AA /* Info.plist in Resources */,
				06A987F31F53724400B378AA /* Assets.xcassets in Resources */,
			);
			runOnlyForDeploymentPostprocessing = 0;
		};
		06A987DE1F536E8900B378AA /* Resources */ = {
			isa = PBXResourcesBuildPhase;
			buildActionMask = 2147483647;
			files = (
			);
			runOnlyForDeploymentPostprocessing = 0;
		};
/* End PBXResourcesBuildPhase section */

/* Begin PBXSourcesBuildPhase section */
		06A987C81F536E8900B378AA /* Sources */ = {
			isa = PBXSourcesBuildPhase;
			buildActionMask = 2147483647;
			files = (
				06A987D01F536E8900B378AA /* AppDelegate.swift in Sources */,
			);
			runOnlyForDeploymentPostprocessing = 0;
		};
		06A987DC1F536E8900B378AA /* Sources */ = {
			isa = PBXSourcesBuildPhase;
			buildActionMask = 2147483647;
			files = (
				06A987E51F536E8900B378AA /* ECommerceTests.swift in Sources */,
			);
			runOnlyForDeploymentPostprocessing = 0;
		};
/* End PBXSourcesBuildPhase section */

/* Begin PBXTargetDependency section */
		06A987E21F536E8900B378AA /* PBXTargetDependency */ = {
			isa = PBXTargetDependency;
			target = 06A987CB1F536E8900B378AA /* ECommerce */;
			targetProxy = 06A987E11F536E8900B378AA /* PBXContainerItemProxy */;
		};
/* End PBXTargetDependency section */

/* Begin XCBuildConfiguration section */
		06A987E71F536E8900B378AA /* Debug */ = {
			isa = XCBuildConfiguration;
			buildSettings = {
				ALWAYS_SEARCH_USER_PATHS = NO;
				CLANG_ANALYZER_NONNULL = YES;
				CLANG_ANALYZER_NUMBER_OBJECT_CONVERSION = YES_AGGRESSIVE;
				CLANG_CXX_LANGUAGE_STANDARD = "gnu++0x";
				CLANG_CXX_LIBRARY = "libc++";
				CLANG_ENABLE_MODULES = YES;
				CLANG_ENABLE_OBJC_ARC = YES;
				CLANG_WARN_BOOL_CONVERSION = YES;
				CLANG_WARN_CONSTANT_CONVERSION = YES;
				CLANG_WARN_DIRECT_OBJC_ISA_USAGE = YES_ERROR;
				CLANG_WARN_DOCUMENTATION_COMMENTS = YES;
				CLANG_WARN_EMPTY_BODY = YES;
				CLANG_WARN_ENUM_CONVERSION = YES;
				CLANG_WARN_INFINITE_RECURSION = YES;
				CLANG_WARN_INT_CONVERSION = YES;
				CLANG_WARN_OBJC_ROOT_CLASS = YES_ERROR;
				CLANG_WARN_SUSPICIOUS_MOVE = YES;
				CLANG_WARN_UNREACHABLE_CODE = YES;
				CLANG_WARN__DUPLICATE_METHOD_MATCH = YES;
				"CODE_SIGN_IDENTITY[sdk=iphoneos*]" = "iPhone Developer";
				COPY_PHASE_STRIP = NO;
				DEBUG_INFORMATION_FORMAT = dwarf;
				ENABLE_STRICT_OBJC_MSGSEND = YES;
				ENABLE_TESTABILITY = YES;
				GCC_C_LANGUAGE_STANDARD = gnu99;
				GCC_DYNAMIC_NO_PIC = NO;
				GCC_NO_COMMON_BLOCKS = YES;
				GCC_OPTIMIZATION_LEVEL = 0;
				GCC_PREPROCESSOR_DEFINITIONS = (
					"DEBUG=1",
					"$(inherited)",
				);
				GCC_WARN_64_TO_32_BIT_CONVERSION = YES;
				GCC_WARN_ABOUT_RETURN_TYPE = YES_ERROR;
				GCC_WARN_UNDECLARED_SELECTOR = YES;
				GCC_WARN_UNINITIALIZED_AUTOS = YES_AGGRESSIVE;
				GCC_WARN_UNUSED_FUNCTION = YES;
				GCC_WARN_UNUSED_VARIABLE = YES;
				IPHONEOS_DEPLOYMENT_TARGET = 10.3;
				MTL_ENABLE_DEBUG_INFO = YES;
				ONLY_ACTIVE_ARCH = YES;
				SDKROOT = iphoneos;
				SWIFT_ACTIVE_COMPILATION_CONDITIONS = DEBUG;
				SWIFT_OPTIMIZATION_LEVEL = "-Onone";
			};
			name = Debug;
		};
		06A987E81F536E8900B378AA /* Release */ = {
			isa = XCBuildConfiguration;
			buildSettings = {
				ALWAYS_SEARCH_USER_PATHS = NO;
				CLANG_ANALYZER_NONNULL = YES;
				CLANG_ANALYZER_NUMBER_OBJECT_CONVERSION = YES_AGGRESSIVE;
				CLANG_CXX_LANGUAGE_STANDARD = "gnu++0x";
				CLANG_CXX_LIBRARY = "libc++";
				CLANG_ENABLE_MODULES = YES;
				CLANG_ENABLE_OBJC_ARC = YES;
				CLANG_WARN_BOOL_CONVERSION = YES;
				CLANG_WARN_CONSTANT_CONVERSION = YES;
				CLANG_WARN_DIRECT_OBJC_ISA_USAGE = YES_ERROR;
				CLANG_WARN_DOCUMENTATION_COMMENTS = YES;
				CLANG_WARN_EMPTY_BODY = YES;
				CLANG_WARN_ENUM_CONVERSION = YES;
				CLANG_WARN_INFINITE_RECURSION = YES;
				CLANG_WARN_INT_CONVERSION = YES;
				CLANG_WARN_OBJC_ROOT_CLASS = YES_ERROR;
				CLANG_WARN_SUSPICIOUS_MOVE = YES;
				CLANG_WARN_UNREACHABLE_CODE = YES;
				CLANG_WARN__DUPLICATE_METHOD_MATCH = YES;
				"CODE_SIGN_IDENTITY[sdk=iphoneos*]" = "iPhone Developer";
				COPY_PHASE_STRIP = NO;
				DEBUG_INFORMATION_FORMAT = "dwarf-with-dsym";
				ENABLE_NS_ASSERTIONS = NO;
				ENABLE_STRICT_OBJC_MSGSEND = YES;
				GCC_C_LANGUAGE_STANDARD = gnu99;
				GCC_NO_COMMON_BLOCKS = YES;
				GCC_WARN_64_TO_32_BIT_CONVERSION = YES;
				GCC_WARN_ABOUT_RETURN_TYPE = YES_ERROR;
				GCC_WARN_UNDECLARED_SELECTOR = YES;
				GCC_WARN_UNINITIALIZED_AUTOS = YES_AGGRESSIVE;
				GCC_WARN_UNUSED_FUNCTION = YES;
				GCC_WARN_UNUSED_VARIABLE = YES;
				IPHONEOS_DEPLOYMENT_TARGET = 10.3;
				MTL_ENABLE_DEBUG_INFO = NO;
				SDKROOT = iphoneos;
				SWIFT_OPTIMIZATION_LEVEL = "-Owholemodule";
				VALIDATE_PRODUCT = YES;
			};
			name = Release;
		};
		06A987EA1F536E8900B378AA /* Debug */ = {
			isa = XCBuildConfiguration;
			buildSettings = {
				ASSETCATALOG_COMPILER_APPICON_NAME = AppIcon;
				DEVELOPMENT_TEAM = SM8662EE7C;
				INFOPLIST_FILE = "$(SRCROOT)/ECommerce/Resources/Info.plist";
				LD_RUNPATH_SEARCH_PATHS = "$(inherited) @executable_path/Frameworks";
				PRODUCT_BUNDLE_IDENTIFIER = com.tl.ECommerce;
				PRODUCT_NAME = "$(TARGET_NAME)";
				SWIFT_VERSION = 3.0;
			};
			name = Debug;
		};
		06A987EB1F536E8900B378AA /* Release */ = {
			isa = XCBuildConfiguration;
			buildSettings = {
				ASSETCATALOG_COMPILER_APPICON_NAME = AppIcon;
				DEVELOPMENT_TEAM = SM8662EE7C;
				INFOPLIST_FILE = "$(SRCROOT)/ECommerce/Resources/Info.plist";
				LD_RUNPATH_SEARCH_PATHS = "$(inherited) @executable_path/Frameworks";
				PRODUCT_BUNDLE_IDENTIFIER = com.tl.ECommerce;
				PRODUCT_NAME = "$(TARGET_NAME)";
				SWIFT_VERSION = 3.0;
			};
			name = Release;
		};
		06A987ED1F536E8900B378AA /* Debug */ = {
			isa = XCBuildConfiguration;
			buildSettings = {
				ALWAYS_EMBED_SWIFT_STANDARD_LIBRARIES = YES;
				BUNDLE_LOADER = "$(TEST_HOST)";
				DEVELOPMENT_TEAM = SM8662EE7C;
				INFOPLIST_FILE = ECommerceTests/Info.plist;
				LD_RUNPATH_SEARCH_PATHS = "$(inherited) @executable_path/Frameworks @loader_path/Frameworks";
				PRODUCT_BUNDLE_IDENTIFIER = com.tl.ECommerceTests;
				PRODUCT_NAME = "$(TARGET_NAME)";
				SWIFT_VERSION = 3.0;
				TEST_HOST = "$(BUILT_PRODUCTS_DIR)/ECommerce.app/ECommerce";
			};
			name = Debug;
		};
		06A987EE1F536E8900B378AA /* Release */ = {
			isa = XCBuildConfiguration;
			buildSettings = {
				ALWAYS_EMBED_SWIFT_STANDARD_LIBRARIES = YES;
				BUNDLE_LOADER = "$(TEST_HOST)";
				DEVELOPMENT_TEAM = SM8662EE7C;
				INFOPLIST_FILE = ECommerceTests/Info.plist;
				LD_RUNPATH_SEARCH_PATHS = "$(inherited) @executable_path/Frameworks @loader_path/Frameworks";
				PRODUCT_BUNDLE_IDENTIFIER = com.tl.ECommerceTests;
				PRODUCT_NAME = "$(TARGET_NAME)";
				SWIFT_VERSION = 3.0;
				TEST_HOST = "$(BUILT_PRODUCTS_DIR)/ECommerce.app/ECommerce";
			};
			name = Release;
		};
/* End XCBuildConfiguration section */

/* Begin XCConfigurationList section */
		06A987C71F536E8900B378AA /* Build configuration list for PBXProject "ECommerce" */ = {
			isa = XCConfigurationList;
			buildConfigurations = (
				06A987E71F536E8900B378AA /* Debug */,
				06A987E81F536E8900B378AA /* Release */,
			);
			defaultConfigurationIsVisible = 0;
			defaultConfigurationName = Release;
		};
		06A987E91F536E8900B378AA /* Build configuration list for PBXNativeTarget "ECommerce" */ = {
			isa = XCConfigurationList;
			buildConfigurations = (
				06A987EA1F536E8900B378AA /* Debug */,
				06A987EB1F536E8900B378AA /* Release */,
			);
			defaultConfigurationIsVisible = 0;
			defaultConfigurationName = Release;
		};
		06A987EC1F536E8900B378AA /* Build configuration list for PBXNativeTarget "ECommerceTests" */ = {
			isa = XCConfigurationList;
			buildConfigurations = (
				06A987ED1F536E8900B378AA /* Debug */,
				06A987EE1F536E8900B378AA /* Release */,
			);
			defaultConfigurationIsVisible = 0;
			defaultConfigurationName = Release;
		};
/* End XCConfigurationList section */
	};
	rootObject = 06A987C41F536E8900B378AA /* Project object */;
}
